
Microsoft Visual Studio Solution File, Format Version 12.00
# Visual Studio Version 17
VisualStudioVersion = 17.11.35208.52
MinimumVisualStudioVersion = 10.0.40219.1
Project("{FAE04EC0-301F-11D3-BF4B-00C04F79EFBC}") = "Test", "Test\Test.csproj", "{58A04ECE-C3CE-41CF-8070-2036063CA8A7}"
EndProject
Global
	GlobalSection(SolutionConfigurationPlatforms) = preSolution
		Debug|Any CPU = Debug|Any CPU
		Release|Any CPU = Release|Any CPU
	EndGlobalSection
	GlobalSection(ProjectConfigurationPlatforms) = postSolution
		{58A04ECE-C3CE-41CF-8070-2036063CA8A7}.Debug|Any CPU.ActiveCfg = Debug|Any CPU
		{58A04ECE-C3CE-41CF-8070-2036063CA8A7}.Debug|Any CPU.Build.0 = Debug|Any CPU
		{58A04ECE-C3CE-41CF-8070-2036063CA8A7}.Release|Any CPU.ActiveCfg = Release|Any CPU
		{58A04ECE-C3CE-41CF-8070-2036063CA8A7}.Release|Any CPU.Build.0 = Release|Any CPU
	EndGlobalSection
	GlobalSection(SolutionProperties) = preSolution
		HideSolutionNode = FALSE
	EndGlobalSection
	GlobalSection(ExtensibilityGlobals) = postSolution
		SolutionGuid = {E74E6E62-4721-49C8-A136-9EB8FC422163}
	EndGlobalSection
EndGlobal
